<?xml version="1.0" encoding="utf-8"?>
<Project ToolsVersion="4.0" xmlns="http://schemas.microsoft.com/developer/msbuild/2003">
  <ItemGroup>
    <Filter Include="Resource Files">
      <UniqueIdentifier>{36f9056a-636c-40bc-96cd-25e4593e0c6c}</UniqueIdentifier>
      <Extensions>ico;cur;bmp;dlg;rc2;rct;bin;rgs;gif;jpg;jpeg;jpe</Extensions>
    </Filter>
    <Filter Include="Resource Files\xml">
      <UniqueIdentifier>{fca6d130-8e3d-4966-9e99-c1844aef3e18}</UniqueIdentifier>
    </Filter>
    <Filter Include="UI">
      <UniqueIdentifier>{2db7664e-c8fb-4e80-b5b5-6f9d455d4b20}</UniqueIdentifier>
    </Filter>
    <Filter Include="Event">
      <UniqueIdentifier>{c64e9972-b794-47dc-8084-1b1ff1849fdc}</UniqueIdentifier>
    </Filter>
    <Filter Include="Header Files">
      <UniqueIdentifier>{0bfba4d8-4763-41f4-b73e-8ca8b37d9a5f}</UniqueIdentifier>
      <Extensions>h;hpp;hxx;hm;inl</Extensions>
    </Filter>
    <Filter Include="Source Files">
      <UniqueIdentifier>{2a1a6d63-56a0-44dd-9507-2b1afd266b54}</UniqueIdentifier>
      <Extensions>cpp;c;cxx;rc;def;r;odl;idl;hpj;bat</Extensions>
    </Filter>
    <Filter Include="DirectUI">
      <UniqueIdentifier>{79608960-972b-4ef6-8402-d1badcb3d89e}</UniqueIdentifier>
    </Filter>
    <Filter Include="LogAssist">
      <UniqueIdentifier>{3177097e-e870-4533-839c-ff574fcea022}</UniqueIdentifier>
    </Filter>
    <Filter Include="Resource Files\asset">
      <UniqueIdentifier>{02db92af-b773-4c23-8db0-69921050af59}</UniqueIdentifier>
    </Filter>
    <Filter Include="Base">
      <UniqueIdentifier>{f2292b24-3b2c-4df8-ad50-aa59b70f48dd}</UniqueIdentifier>
    </Filter>
    <Filter Include="Common">
      <UniqueIdentifier>{6d1bdfe8-e533-40c7-92f0-9f8ee843fe73}</UniqueIdentifier>
    </Filter>
    <Filter Include="Json">
      <UniqueIdentifier>{d7cf154b-894a-4f17-ba2c-57aa29546709}</UniqueIdentifier>
    </Filter>
    <Filter Include="Net">
      <UniqueIdentifier>{b1d7c97d-e37c-4702-8e4a-fea518bc67a9}</UniqueIdentifier>
    </Filter>
    <Filter Include="Time">
      <UniqueIdentifier>{ebeb2e1b-6ecb-42b6-850c-647eb39e0436}</UniqueIdentifier>
    </Filter>
    <Filter Include="Xml">
      <UniqueIdentifier>{a461547a-0e97-40c5-91a8-cbdecd80186a}</UniqueIdentifier>
    </Filter>
    <Filter Include="DownLoader">
      <UniqueIdentifier>{7b4c229b-5ab9-42ae-bc7c-7736a3d3d6c4}</UniqueIdentifier>
    </Filter>
    <Filter Include="Language">
      <UniqueIdentifier>{c78cdafb-789f-48cc-b4cc-81126be49e04}</UniqueIdentifier>
    </Filter>
    <Filter Include="Uzip">
      <UniqueIdentifier>{547d1d3c-aa70-4228-9a56-63fc1d3250aa}</UniqueIdentifier>
    </Filter>
  </ItemGroup>
  <ItemGroup>
    <Image Include="res\App.ico">
      <Filter>Resource Files</Filter>
    </Image>
    <Image Include="res\png\AboutDlg.png">
      <Filter>Resource Files\asset</Filter>
    </Image>
    <Image Include="res\png\account_close.png">
      <Filter>Resource Files\asset</Filter>
    </Image>
    <Image Include="res\png\backmain.png">
      <Filter>Resource Files\asset</Filter>
    </Image>
    <Image Include="res\png\btn_min.png">
      <Filter>Resource Files\asset</Filter>
    </Image>
    <Image Include="res\png\checkbox.png">
      <Filter>Resource Files\asset</Filter>
    </Image>
    <Image Include="res\png\dialog_btn_main.png">
      <Filter>Resource Files\asset</Filter>
    </Image>
    <Image Include="res\png\edit_install_back.png">
      <Filter>Resource Files\asset</Filter>
    </Image>
    <Image Include="res\png\lightpoint.png">
      <Filter>Resource Files\asset</Filter>
    </Image>
    <Image Include="res\png\LOGO.png">
      <Filter>Resource Files\asset</Filter>
    </Image>
    <Image Include="res\png\selctpath.png">
      <Filter>Resource Files\asset</Filter>
    </Image>
    <Image Include="res\png\1.png">
      <Filter>Resource Files\asset</Filter>
    </Image>
    <Image Include="res\png\2.png">
      <Filter>Resource Files\asset</Filter>
    </Image>
    <Image Include="res\png\3.png">
      <Filter>Resource Files\asset</Filter>
    </Image>
    <Image Include="res\png\4.png">
      <Filter>Resource Files\asset</Filter>
    </Image>
    <Image Include="res\png\5.png">
      <Filter>Resource Files\asset</Filter>
    </Image>
    <Image Include="res\png\6.png">
      <Filter>Resource Files\asset</Filter>
    </Image>
  </ItemGroup>
  <ItemGroup>
    <Xml Include="res\xml\EngUICannotDown.xml">
      <Filter>Resource Files\xml</Filter>
    </Xml>
    <Xml Include="res\xml\EngUIMainWindow.xml">
      <Filter>Resource Files\xml</Filter>
    </Xml>
    <Xml Include="res\xml\UIAgreement.xml">
      <Filter>Resource Files\xml</Filter>
    </Xml>
    <Xml Include="res\xml\UICannotDown.xml">
      <Filter>Resource Files\xml</Filter>
    </Xml>
    <Xml Include="res\xml\UIContent.xml">
      <Filter>Resource Files\xml</Filter>
    </Xml>
    <Xml Include="res\xml\UIMainWindow.xml">
      <Filter>Resource Files\xml</Filter>
    </Xml>
    <Xml Include="res\xml\EngUIAgreement.xml">
      <Filter>Resource Files\xml</Filter>
    </Xml>
    <Xml Include="res\xml\EngUIContent.xml">
      <Filter>Resource Files\xml</Filter>
    </Xml>
  </ItemGroup>
  <ItemGroup>
    <ClCompile Include="UI\UIAgreement.cpp">
      <Filter>UI</Filter>
    </ClCompile>
    <ClCompile Include="UI\UICannotDown.cpp">
      <Filter>UI</Filter>
    </ClCompile>
    <ClCompile Include="UI\UIMainWindowEx.cpp">
      <Filter>UI</Filter>
    </ClCompile>
    <ClCompile Include="Event\WaitableEvent.cc">
      <Filter>Event</Filter>
    </ClCompile>
    <ClCompile Include="Global.cpp">
      <Filter>Source Files</Filter>
    </ClCompile>
    <ClCompile Include="StdAfx.cpp">
      <Filter>Source Files</Filter>
    </ClCompile>
    <ClCompile Include="DirectUI\Draw.cpp">
      <Filter>DirectUI</Filter>
    </ClCompile>
    <ClCompile Include="DirectUI\DUIButton.cpp">
      <Filter>DirectUI</Filter>
    </ClCompile>
    <ClCompile Include="DirectUI\DUICheckBox.cpp">
      <Filter>DirectUI</Filter>
    </ClCompile>
    <ClCompile Include="DirectUI\DUIElement.cpp">
      <Filter>DirectUI</Filter>
    </ClCompile>
    <ClCompile Include="DirectUI\DUIElementsMgr.cpp">
      <Filter>DirectUI</Filter>
    </ClCompile>
    <ClCompile Include="DirectUI\DUIGDIResource.cpp">
      <Filter>DirectUI</Filter>
    </ClCompile>
    <ClCompile Include="DirectUI\DUIHyperLink.cpp">
      <Filter>DirectUI</Filter>
    </ClCompile>
    <ClCompile Include="DirectUI\DUILayeredEdit.cpp">
      <Filter>DirectUI</Filter>
    </ClCompile>
    <ClCompile Include="DirectUI\DUIOptionLine.cpp">
      <Filter>DirectUI</Filter>
    </ClCompile>
    <ClCompile Include="DirectUI\DUIPanel.cpp">
      <Filter>DirectUI</Filter>
    </ClCompile>
    <ClCompile Include="DirectUI\DUIProgress.cpp">
      <Filter>DirectUI</Filter>
    </ClCompile>
    <ClCompile Include="DirectUI\DUIRadioButton.cpp">
      <Filter>DirectUI</Filter>
    </ClCompile>
    <ClCompile Include="DirectUI\DUIStatic.cpp">
      <Filter>DirectUI</Filter>
    </ClCompile>
    <ClCompile Include="DirectUI\DUITab.cpp">
      <Filter>DirectUI</Filter>
    </ClCompile>
    <ClCompile Include="DirectUI\DUITabList.cpp">
      <Filter>DirectUI</Filter>
    </ClCompile>
    <ClCompile Include="DirectUI\DUITransWindow.cpp">
      <Filter>DirectUI</Filter>
    </ClCompile>
    <ClCompile Include="DirectUI\DUITransWindowEx.cpp">
      <Filter>DirectUI</Filter>
    </ClCompile>
    <ClCompile Include="DirectUI\DUIWindowStyle.cpp">
      <Filter>DirectUI</Filter>
    </ClCompile>
    <ClCompile Include="DirectUI\UpdateWindowBase.cpp">
      <Filter>DirectUI</Filter>
    </ClCompile>
    <ClCompile Include="DirectUI\UpdateWindowBaseEx.cpp">
      <Filter>DirectUI</Filter>
    </ClCompile>
    <ClCompile Include="time\time.cc">
      <Filter>Time</Filter>
    </ClCompile>
    <ClCompile Include="net\url_fetcher.cc">
      <Filter>Net</Filter>
    </ClCompile>
    <ClCompile Include="base\at_exist.cc">
      <Filter>Base</Filter>
    </ClCompile>
    <ClCompile Include="base\common_threads.cc">
      <Filter>Base</Filter>
    </ClCompile>
    <ClCompile Include="base\lazy_instance.cc">
      <Filter>Base</Filter>
    </ClCompile>
    <ClCompile Include="base\MessageLoop.cc">
      <Filter>Base</Filter>
    </ClCompile>
    <ClCompile Include="base\MessagePumpDefault.cc">
      <Filter>Base</Filter>
    </ClCompile>
    <ClCompile Include="base\MessagePumpWin.cc">
      <Filter>Base</Filter>
    </ClCompile>
    <ClCompile Include="base\PendingTask.cpp">
      <Filter>Base</Filter>
    </ClCompile>
    <ClCompile Include="base\ref_counted.cc">
      <Filter>Base</Filter>
    </ClCompile>
    <ClCompile Include="base\stringprintf.cc">
      <Filter>Base</Filter>
    </ClCompile>
    <ClCompile Include="base\Thread.cc">
      <Filter>Base</Filter>
    </ClCompile>
    <ClCompile Include="base\thread_local.cc">
      <Filter>Base</Filter>
    </ClCompile>
    <ClCompile Include="base\WeakPtr.cc">
      <Filter>Base</Filter>
    </ClCompile>
    <ClCompile Include="DownLoader\DownloadDelegate.cpp">
      <Filter>DownLoader</Filter>
    </ClCompile>
    <ClCompile Include="DownLoader\fetcherurl.cpp">
      <Filter>DownLoader</Filter>
    </ClCompile>
    <ClCompile Include="DownLoader\fetchfile.cpp">
      <Filter>DownLoader</Filter>
    </ClCompile>
    <ClCompile Include="LogAssist\LogAssist.cpp">
      <Filter>LogAssist</Filter>
    </ClCompile>
    <ClCompile Include="Main.cpp" />
    <ClCompile Include="base\notification_registrar.cc">
      <Filter>Base</Filter>
    </ClCompile>
    <ClCompile Include="base\notification_service.cc">
      <Filter>Base</Filter>
    </ClCompile>
    <ClCompile Include="Language\Language.cpp">
      <Filter>Language</Filter>
    </ClCompile>
    <ClCompile Include="UI\FrameShowState.cpp">
      <Filter>UI</Filter>
    </ClCompile>
    <ClCompile Include="UI\UtilityWindow.cpp">
      <Filter>UI</Filter>
    </ClCompile>
    <ClCompile Include="Util\UtilApi.cpp">
      <Filter>Common</Filter>
    </ClCompile>
    <ClCompile Include="..\common\xml\tinystr.cpp">
      <Filter>Xml</Filter>
    </ClCompile>
    <ClCompile Include="..\common\xml\tinyxml.cpp">
      <Filter>Xml</Filter>
    </ClCompile>
    <ClCompile Include="..\common\xml\tinyxmlerror.cpp">
      <Filter>Xml</Filter>
    </ClCompile>
    <ClCompile Include="..\common\xml\tinyxmlparser.cpp">
      <Filter>Xml</Filter>
    </ClCompile>
    <ClCompile Include="..\common\xml\xmlhelper.cpp">
      <Filter>Xml</Filter>
    </ClCompile>
    <ClCompile Include="..\common\xzip\XUnzip.cpp">
      <Filter>Uzip</Filter>
    </ClCompile>
    <ClCompile Include="..\common\jsoncpp\reader.cpp">
      <Filter>Json</Filter>
    </ClCompile>
    <ClCompile Include="..\common\jsoncpp\value.cpp">
      <Filter>Json</Filter>
    </ClCompile>
    <ClCompile Include="..\common\jsoncpp\writer.cpp">
      <Filter>Json</Filter>
    </ClCompile>
    <ClCompile Include="..\common\util\base.cpp">
      <Filter>Common</Filter>
    </ClCompile>
    <ClCompile Include="..\common\util\md5.cpp">
      <Filter>Common</Filter>
    </ClCompile>
    <ClCompile Include="..\common\util\system.cpp">
      <Filter>Common</Filter>
    </ClCompile>
    <ClCompile Include="..\common\util\util_tools.cpp">
      <Filter>Common</Filter>
    </ClCompile>
  </ItemGroup>
  <ItemGroup>
    <ClInclude Include="UI\UIAgreement.h">
      <Filter>UI</Filter>
    </ClInclude>
    <ClInclude Include="UI\UICannotDown.h">
      <Filter>UI</Filter>
    </ClInclude>
    <ClInclude Include="UI\UIMainWindowEx.h">
      <Filter>UI</Filter>
    </ClInclude>
    <ClInclude Include="Event\WaitableEvent.h">
      <Filter>Event</Filter>
    </ClInclude>
    <ClInclude Include="base.h">
      <Filter>Header Files</Filter>
    </ClInclude>
    <ClInclude Include="resource.h">
      <Filter>Header Files</Filter>
    </ClInclude>
    <ClInclude Include="DirectUI\Draw.h">
      <Filter>DirectUI</Filter>
    </ClInclude>
    <ClInclude Include="DirectUI\DUIButton.h">
      <Filter>DirectUI</Filter>
    </ClInclude>
    <ClInclude Include="DirectUI\DUICheckBox.h">
      <Filter>DirectUI</Filter>
    </ClInclude>
    <ClInclude Include="DirectUI\DUIDef.h">
      <Filter>DirectUI</Filter>
    </ClInclude>
    <ClInclude Include="DirectUI\DUIElement.h">
      <Filter>DirectUI</Filter>
    </ClInclude>
    <ClInclude Include="DirectUI\DUIElementsMgr.h">
      <Filter>DirectUI</Filter>
    </ClInclude>
    <ClInclude Include="DirectUI\DUIGDIResource.h">
      <Filter>DirectUI</Filter>
    </ClInclude>
    <ClInclude Include="DirectUI\DUIHyperLink.h">
      <Filter>DirectUI</Filter>
    </ClInclude>
    <ClInclude Include="DirectUI\DUILayeredEdit.h">
      <Filter>DirectUI</Filter>
    </ClInclude>
    <ClInclude Include="DirectUI\DUIOptionLine.h">
      <Filter>DirectUI</Filter>
    </ClInclude>
    <ClInclude Include="DirectUI\DUIPanel.h">
      <Filter>DirectUI</Filter>
    </ClInclude>
    <ClInclude Include="DirectUI\DUIProgress.h">
      <Filter>DirectUI</Filter>
    </ClInclude>
    <ClInclude Include="DirectUI\DUIRadioButton.h">
      <Filter>DirectUI</Filter>
    </ClInclude>
    <ClInclude Include="DirectUI\DUIStatic.h">
      <Filter>DirectUI</Filter>
    </ClInclude>
    <ClInclude Include="DirectUI\DUITab.h">
      <Filter>DirectUI</Filter>
    </ClInclude>
    <ClInclude Include="DirectUI\DUITabList.h">
      <Filter>DirectUI</Filter>
    </ClInclude>
    <ClInclude Include="DirectUI\DUITransWindow.h">
      <Filter>DirectUI</Filter>
    </ClInclude>
    <ClInclude Include="DirectUI\DUITransWindowEx.h">
      <Filter>DirectUI</Filter>
    </ClInclude>
    <ClInclude Include="DirectUI\DUIWindowStyle.h">
      <Filter>DirectUI</Filter>
    </ClInclude>
    <ClInclude Include="DirectUI\EventHandler.h">
      <Filter>DirectUI</Filter>
    </ClInclude>
    <ClInclude Include="DirectUI\UpdateWindowBase.h">
      <Filter>DirectUI</Filter>
    </ClInclude>
    <ClInclude Include="DirectUI\UpdateWindowBaseEx.h">
      <Filter>DirectUI</Filter>
    </ClInclude>
    <ClInclude Include="time\time.h">
      <Filter>Time</Filter>
    </ClInclude>
    <ClInclude Include="net\url_fetcher.h">
      <Filter>Net</Filter>
    </ClInclude>
    <ClInclude Include="base\aligned_memory.h">
      <Filter>Base</Filter>
    </ClInclude>
    <ClInclude Include="base\at_exist.h">
      <Filter>Base</Filter>
    </ClInclude>
    <ClInclude Include="base\common_threads.h">
      <Filter>Base</Filter>
    </ClInclude>
    <ClInclude Include="base\FastDelegate.h">
      <Filter>Base</Filter>
    </ClInclude>
    <ClInclude Include="base\FastDelegateImpl.h">
      <Filter>Base</Filter>
    </ClInclude>
    <ClInclude Include="base\lazy_instance.h">
      <Filter>Base</Filter>
    </ClInclude>
    <ClInclude Include="base\macros.h">
      <Filter>Base</Filter>
    </ClInclude>
    <ClInclude Include="base\MessageLoop.h">
      <Filter>Base</Filter>
    </ClInclude>
    <ClInclude Include="base\MessagePump.h">
      <Filter>Base</Filter>
    </ClInclude>
    <ClInclude Include="base\MessagePumpDefault.h">
      <Filter>Base</Filter>
    </ClInclude>
    <ClInclude Include="base\MessagePumpWin.h">
      <Filter>Base</Filter>
    </ClInclude>
    <ClInclude Include="base\observer_list.h">
      <Filter>Base</Filter>
    </ClInclude>
    <ClInclude Include="base\PendingTask.h">
      <Filter>Base</Filter>
    </ClInclude>
    <ClInclude Include="base\ref_counted.h">
      <Filter>Base</Filter>
    </ClInclude>
    <ClInclude Include="base\scoped_handle.h">
      <Filter>Base</Filter>
    </ClInclude>
    <ClInclude Include="base\string_util_win.h">
      <Filter>Base</Filter>
    </ClInclude>
    <ClInclude Include="base\stringprintf.h">
      <Filter>Base</Filter>
    </ClInclude>
    <ClInclude Include="base\Thread.h">
      <Filter>Base</Filter>
    </ClInclude>
    <ClInclude Include="base\thread_local.h">
      <Filter>Base</Filter>
    </ClInclude>
    <ClInclude Include="base\WeakPtr.h">
      <Filter>Base</Filter>
    </ClInclude>
    <ClInclude Include="base\WrapperObj.h">
      <Filter>Base</Filter>
    </ClInclude>
    <ClInclude Include="DownLoader\DownloadDelegate.h">
      <Filter>DownLoader</Filter>
    </ClInclude>
    <ClInclude Include="DownLoader\fetcherurl.h">
      <Filter>DownLoader</Filter>
    </ClInclude>
    <ClInclude Include="DownLoader\fetchfile.h">
      <Filter>DownLoader</Filter>
    </ClInclude>
    <ClInclude Include="LogAssist\LogAssist.h">
      <Filter>LogAssist</Filter>
    </ClInclude>
    <ClInclude Include="base\notification_details.h">
      <Filter>Base</Filter>
    </ClInclude>
    <ClInclude Include="base\notification_observer.h">
      <Filter>Base</Filter>
    </ClInclude>
    <ClInclude Include="base\notification_registrar.h">
      <Filter>Base</Filter>
    </ClInclude>
    <ClInclude Include="base\notification_source.h">
      <Filter>Base</Filter>
    </ClInclude>
    <ClInclude Include="base\notification_types.h">
      <Filter>Base</Filter>
    </ClInclude>
    <ClInclude Include="base\notification_service.h">
      <Filter>Base</Filter>
    </ClInclude>
    <ClInclude Include="Language\Language.h">
      <Filter>Language</Filter>
    </ClInclude>
    <ClInclude Include="UI\FrameShowState.h">
      <Filter>UI</Filter>
    </ClInclude>
    <ClInclude Include="UI\UtilityWindow.h">
      <Filter>UI</Filter>
    </ClInclude>
    <ClInclude Include="Util\UtilApi.h">
      <Filter>Common</Filter>
    </ClInclude>
    <ClInclude Include="..\common\xml\tinystr.h">
      <Filter>Xml</Filter>
    </ClInclude>
    <ClInclude Include="..\common\xml\tinyxml.h">
      <Filter>Xml</Filter>
    </ClInclude>
    <ClInclude Include="..\common\xml\xmlhelper.h">
      <Filter>Xml</Filter>
    </ClInclude>
    <ClInclude Include="..\common\xzip\XUnzip.h">
      <Filter>Uzip</Filter>
    </ClInclude>
    <ClInclude Include="..\common\util\base.h">
      <Filter>Common</Filter>
    </ClInclude>
    <ClInclude Include="..\common\util\def.h">
      <Filter>Common</Filter>
    </ClInclude>
    <ClInclude Include="..\common\util\md5.h">
      <Filter>Common</Filter>
    </ClInclude>
    <ClInclude Include="..\common\util\system.h">
      <Filter>Common</Filter>
    </ClInclude>
    <ClInclude Include="..\common\util\util_tools.h">
      <Filter>Common</Filter>
    </ClInclude>
    <ClInclude Include="Global.h">
      <Filter>Header Files</Filter>
    </ClInclude>
    <ClInclude Include="StdAfx.h">
      <Filter>Header Files</Filter>
    </ClInclude>
  </ItemGroup>
  <ItemGroup>
    <ResourceCompile Include="Downloader.rc">
      <Filter>Resource Files</Filter>
    </ResourceCompile>
  </ItemGroup>
</Project>